github.com/cenkalti/backoff/v7 v7.0.0 h1:ZP+QAaaOnVUHo+ufFpZ835hbT3x2fy+h2lecVEosZ6A=
github.com/cenkalti/backoff/v7 v7.0.0/go.mod h1:qcKBGwsu4hpxHtQ8tWYsQ+ifzx2+sS+Xx/3jfe30lI8=
github.com/google/go-cmp v0.7.0 h1:wk8382ETsv4JYUZwIsn6YpYiWiBsYLSJiTsyBybVuN8=
github.com/google/go-cmp v0.7.0/go.mod h1:pXiqmnSA92OHEEa9HXL2W4E7lf9JzCmGVUdgjX3N/iU=
github.com/ikawaha/kagome-dict v1.1.7 h1:O/uAL+WCGhp6kT0+szxBSPaSM4i+vdArSefFvJE4Nug=
github.com/ikawaha/kagome-dict v1.1.7/go.mod h1:9tvk7/jZkvYt40foxkB9CqSAAknoQrIPfzqQd05UkFw=
github.com/ikawaha/kagome-dict/ipa v1.2.6 h1:Bcvm4jgxAAnTIKb6ckqUKBiFDN0wuanFfycMuYt7xGQ=
github.com/ikawaha/kagome-dict/ipa v1.2.6/go.mod h1:ONdTMUAKMCq9yx4s69QRtPcJLEMVM0BNNYQrMCJLWb0=
github.com/ikawaha/kagome/v2 v2.11.0 h1:R914EkRzay9qtUbsFzEbcdZ3wHwwSPvbPkuBI1oIf78=
github.com/ikawaha/kagome/v2 v2.11.0/go.mod h1:6mYPezBou+iNVnX9uNa00Sfu6S6t2zcM8Nv1EW9Y9so=
github.com/shouni/audio v1.3.0 h1:wC9HwPsITrntLrvV7lOrGppr6NlsxuyEFCWoIXmBj9g=
github.com/shouni/audio v1.3.0/go.mod h1:xQ68rXicoPubtBhmVR5KEta1cHqwv36AJR29ksM+Gb8=
github.com/shouni/go-http-kit v1.9.0 h1:EUG1Xpa0U9uucZvT9/WG6L5iRIxQs0mmEQzpORk8qr8=
github.com/shouni/go-http-kit v1.9.0/go.mod h1:HV2+wZNJR/SxNpYrlu2i8ROw64sQO1thdZ3mw9olQqc=
github.com/shouni/netarmor v1.3.0 h1:/Jaf4n7m2jnDxIKDAvh3cAcrKCsqG3Ajk6nEyadaOtw=
github.com/shouni/netarmor v1.3.0/go.mod h1:9I46wWqG6E8oUzadDBYOmxqMjsz7TbrfSSCGi2piJaM=
golang.org/x/sync v0.22.0 h1:SZjpbeLmrCk4xhRSZFNZW5gFUeCeFgjekvI/+gfScek=
golang.org/x/sync v0.22.0/go.mod h1:9xrNwdLfx4jkKbNva9FpL6vEN7evnE43NNNJQ2LF3+0=
golang.org/x/time v0.15.0 h1:bbrp8t3bGUeFOx08pvsMYRTCVSMk89u4tKbNOZbp88U=
golang.org/x/time v0.15.0/go.mod h1:Y4YMaQmXwGQZoFaVFk4YpCt4FLQMYKZe9oeV/f4MSno=
